
Microsoft Visual Studio Solution File, Format Version 12.00
Project("{FAE04EC0-301F-11D3-BF4B-00C04F79EFBC}") = "FeedleDataTier", "FeedleDataTier\FeedleDataTier.csproj", "{6411004E-A162-4AAE-8955-45E54A600CE5}"
EndProject
Global
	GlobalSection(SolutionConfigurationPlatforms) = preSolution
		Debug|Any CPU = Debug|Any CPU
		Release|Any CPU = Release|Any CPU
	EndGlobalSection
	GlobalSection(ProjectConfigurationPlatforms) = postSolution
		{6411004E-A162-4AAE-8955-45E54A600CE5}.Debug|Any CPU.ActiveCfg = Debug|Any CPU
		{6411004E-A162-4AAE-8955-45E54A600CE5}.Debug|Any CPU.Build.0 = Debug|Any CPU
		{6411004E-A162-4AAE-8955-45E54A600CE5}.Release|Any CPU.ActiveCfg = Release|Any CPU
		{6411004E-A162-4AAE-8955-45E54A600CE5}.Release|Any CPU.Build.0 = Release|Any CPU
	EndGlobalSection
EndGlobal
